
Microsoft Visual Studio Solution File, Format Version 12.00
# Visual Studio Version 17
VisualStudioVersion = 17.7.34018.315
MinimumVisualStudioVersion = 10.0.40219.1
Project("{FAE04EC0-301F-11D3-BF4B-00C04F79EFBC}") = "taller22065986203", "taller22065986203\taller22065986203.csproj", "{E6883C64-2857-4086-A3CE-6F04A2B81551}"
EndProject
Global
	GlobalSection(SolutionConfigurationPlatforms) = preSolution
		Debug|Any CPU = Debug|Any CPU
		Release|Any CPU = Release|Any CPU
	EndGlobalSection
	GlobalSection(ProjectConfigurationPlatforms) = postSolution
		{E6883C64-2857-4086-A3CE-6F04A2B81551}.Debug|Any CPU.ActiveCfg = Debug|Any CPU
		{E6883C64-2857-4086-A3CE-6F04A2B81551}.Debug|Any CPU.Build.0 = Debug|Any CPU
		{E6883C64-2857-4086-A3CE-6F04A2B81551}.Release|Any CPU.ActiveCfg = Release|Any CPU
		{E6883C64-2857-4086-A3CE-6F04A2B81551}.Release|Any CPU.Build.0 = Release|Any CPU
	EndGlobalSection
	GlobalSection(SolutionProperties) = preSolution
		HideSolutionNode = FALSE
	EndGlobalSection
	GlobalSection(ExtensibilityGlobals) = postSolution
		SolutionGuid = {D066882C-04D5-4E9C-AD11-CB8EB941873F}
	EndGlobalSection
EndGlobal
